
Microsoft Visual Studio Solution File, Format Version 12.00
# Visual Studio 14
VisualStudioVersion = 14.0.25420.1
MinimumVisualStudioVersion = 10.0.40219.1
Project("{FAE04EC0-301F-11D3-BF4B-00C04F79EFBC}") = "PreStart", "PreStart\PreStart\PreStart.csproj", "{91B2C061-FAAC-414C-9E64-E195E348CF2E}"
EndProject
Project("{FAE04EC0-301F-11D3-BF4B-00C04F79EFBC}") = "PreStart.iOS", "PreStart\PreStart.iOS\PreStart.iOS.csproj", "{E789AC5A-4E17-40F2-ACA4-EAD94D61BA4D}"
EndProject
Project("{FAE04EC0-301F-11D3-BF4B-00C04F79EFBC}") = "PreStart.UWP", "PreStart\PreStart.UWP\PreStart.UWP.csproj", "{85D87E11-4F9A-4010-B428-932CA314151C}"
EndProject
Project("{2150E333-8FDC-42A3-9474-1A3956D46DE8}") = "SignaturePad", "SignaturePad", "{74BBE908-BDE8-4454-BAF7-4AC835F65C2F}"
EndProject
Project("{FAE04EC0-301F-11D3-BF4B-00C04F79EFBC}") = "SignaturePad.Forms", "SignaturePad\SignaturePad.Forms\SignaturePad.Forms.csproj", "{B2AF970D-D640-451C-95AF-92AF531B8C1E}"
EndProject
Project("{FAE04EC0-301F-11D3-BF4B-00C04F79EFBC}") = "SignaturePad.Forms.iOS", "SignaturePad\SignaturePad.Forms.iOS\SignaturePad.Forms.iOS.csproj", "{B12D20AA-0EDF-4903-B385-BB8090848532}"
EndProject
Project("{D954291E-2A0B-460D-934E-DC6B0785DB48}") = "SignaturePad.Forms.Platform.Shared", "SignaturePad\SignaturePad.Forms.Platform.Shared\SignaturePad.Forms.Platform.Shared.shproj", "{4C55BDD7-F049-4742-9E00-CDD480E53A54}"
EndProject
Project("{FAE04EC0-301F-11D3-BF4B-00C04F79EFBC}") = "SignaturePad.Forms.UWP", "SignaturePad\SignaturePad.Forms.UWP\SignaturePad.Forms.UWP.csproj", "{BA531734-7754-4EC9-B55F-6A131409D2D9}"
EndProject
Project("{FAE04EC0-301F-11D3-BF4B-00C04F79EFBC}") = "SignaturePad.iOS", "SignaturePad\SignaturePad.iOS\SignaturePad.iOS.csproj", "{BEF71536-787B-431F-AC7F-A6469710D11F}"
EndProject
Project("{FAE04EC0-301F-11D3-BF4B-00C04F79EFBC}") = "SignaturePad.UWP", "SignaturePad\SignaturePad.UWP\SignaturePad.UWP.csproj", "{C0411DE7-3FE0-412B-A706-E6CCD2171CCD}"
EndProject
Global
	GlobalSection(SharedMSBuildProjectFiles) = preSolution
		SignaturePad\SignaturePad.Forms.Platform.Shared\SignaturePad.Forms.Platform.Shared.projitems*{4c55bdd7-f049-4742-9e00-cdd480e53a54}*SharedItemsImports = 13
		SignaturePad\SignaturePad.Forms.Platform.Shared\SignaturePad.Forms.Platform.Shared.projitems*{b12d20aa-0edf-4903-b385-bb8090848532}*SharedItemsImports = 4
		SignaturePad\SignaturePad.Forms.Platform.Shared\SignaturePad.Forms.Platform.Shared.projitems*{ba531734-7754-4ec9-b55f-6a131409d2d9}*SharedItemsImports = 4
	EndGlobalSection
	GlobalSection(SolutionConfigurationPlatforms) = preSolution
		Ad-Hoc|Any CPU = Ad-Hoc|Any CPU
		Ad-Hoc|ARM = Ad-Hoc|ARM
		Ad-Hoc|iPhone = Ad-Hoc|iPhone
		Ad-Hoc|iPhoneSimulator = Ad-Hoc|iPhoneSimulator
		Ad-Hoc|x64 = Ad-Hoc|x64
		Ad-Hoc|x86 = Ad-Hoc|x86
		AppStore|Any CPU = AppStore|Any CPU
		AppStore|ARM = AppStore|ARM
		AppStore|iPhone = AppStore|iPhone
		AppStore|iPhoneSimulator = AppStore|iPhoneSimulator
		AppStore|x64 = AppStore|x64
		AppStore|x86 = AppStore|x86
		Debug|Any CPU = Debug|Any CPU
		Debug|ARM = Debug|ARM
		Debug|iPhone = Debug|iPhone
		Debug|iPhoneSimulator = Debug|iPhoneSimulator
		Debug|x64 = Debug|x64
		Debug|x86 = Debug|x86
		Release|Any CPU = Release|Any CPU
		Release|ARM = Release|ARM
		Release|iPhone = Release|iPhone
		Release|iPhoneSimulator = Release|iPhoneSimulator
		Release|x64 = Release|x64
		Release|x86 = Release|x86
	EndGlobalSection
	GlobalSection(ProjectConfigurationPlatforms) = postSolution
		{91B2C061-FAAC-414C-9E64-E195E348CF2E}.Ad-Hoc|Any CPU.ActiveCfg = Release|Any CPU
		{91B2C061-FAAC-414C-9E64-E195E348CF2E}.Ad-Hoc|Any CPU.Build.0 = Release|Any CPU
		{91B2C061-FAAC-414C-9E64-E195E348CF2E}.Ad-Hoc|ARM.ActiveCfg = Release|Any CPU
		{91B2C061-FAAC-414C-9E64-E195E348CF2E}.Ad-Hoc|ARM.Build.0 = Release|Any CPU
		{91B2C061-FAAC-414C-9E64-E195E348CF2E}.Ad-Hoc|iPhone.ActiveCfg = Release|Any CPU
		{91B2C061-FAAC-414C-9E64-E195E348CF2E}.Ad-Hoc|iPhone.Build.0 = Release|Any CPU
		{91B2C061-FAAC-414C-9E64-E195E348CF2E}.Ad-Hoc|iPhoneSimulator.ActiveCfg = Release|Any CPU
		{91B2C061-FAAC-414C-9E64-E195E348CF2E}.Ad-Hoc|iPhoneSimulator.Build.0 = Release|Any CPU
		{91B2C061-FAAC-414C-9E64-E195E348CF2E}.Ad-Hoc|x64.ActiveCfg = Release|Any CPU
		{91B2C061-FAAC-414C-9E64-E195E348CF2E}.Ad-Hoc|x64.Build.0 = Release|Any CPU
		{91B2C061-FAAC-414C-9E64-E195E348CF2E}.Ad-Hoc|x86.ActiveCfg = Release|Any CPU
		{91B2C061-FAAC-414C-9E64-E195E348CF2E}.Ad-Hoc|x86.Build.0 = Release|Any CPU
		{91B2C061-FAAC-414C-9E64-E195E348CF2E}.AppStore|Any CPU.ActiveCfg = Release|Any CPU
		{91B2C061-FAAC-414C-9E64-E195E348CF2E}.AppStore|Any CPU.Build.0 = Release|Any CPU
		{91B2C061-FAAC-414C-9E64-E195E348CF2E}.AppStore|ARM.ActiveCfg = Release|Any CPU
		{91B2C061-FAAC-414C-9E64-E195E348CF2E}.AppStore|ARM.Build.0 = Release|Any CPU
		{91B2C061-FAAC-414C-9E64-E195E348CF2E}.AppStore|iPhone.ActiveCfg = Release|Any CPU
		{91B2C061-FAAC-414C-9E64-E195E348CF2E}.AppStore|iPhone.Build.0 = Release|Any CPU
		{91B2C061-FAAC-414C-9E64-E195E348CF2E}.AppStore|iPhoneSimulator.ActiveCfg = Release|Any CPU
		{91B2C061-FAAC-414C-9E64-E195E348CF2E}.AppStore|iPhoneSimulator.Build.0 = Release|Any CPU
		{91B2C061-FAAC-414C-9E64-E195E348CF2E}.AppStore|x64.ActiveCfg = Release|Any CPU
		{91B2C061-FAAC-414C-9E64-E195E348CF2E}.AppStore|x64.Build.0 = Release|Any CPU
		{91B2C061-FAAC-414C-9E64-E195E348CF2E}.AppStore|x86.ActiveCfg = Release|Any CPU
		{91B2C061-FAAC-414C-9E64-E195E348CF2E}.AppStore|x86.Build.0 = Release|Any CPU
		{91B2C061-FAAC-414C-9E64-E195E348CF2E}.Debug|Any CPU.ActiveCfg = Debug|Any CPU
		{91B2C061-FAAC-414C-9E64-E195E348CF2E}.Debug|Any CPU.Build.0 = Debug|Any CPU
		{91B2C061-FAAC-414C-9E64-E195E348CF2E}.Debug|Any CPU.Deploy.0 = Debug|Any CPU
		{91B2C061-FAAC-414C-9E64-E195E348CF2E}.Debug|ARM.ActiveCfg = Debug|Any CPU
		{91B2C061-FAAC-414C-9E64-E195E348CF2E}.Debug|ARM.Build.0 = Debug|Any CPU
		{91B2C061-FAAC-414C-9E64-E195E348CF2E}.Debug|iPhone.ActiveCfg = Debug|Any CPU
		{91B2C061-FAAC-414C-9E64-E195E348CF2E}.Debug|iPhone.Build.0 = Debug|Any CPU
		{91B2C061-FAAC-414C-9E64-E195E348CF2E}.Debug|iPhoneSimulator.ActiveCfg = Debug|Any CPU
		{91B2C061-FAAC-414C-9E64-E195E348CF2E}.Debug|iPhoneSimulator.Build.0 = Debug|Any CPU
		{91B2C061-FAAC-414C-9E64-E195E348CF2E}.Debug|x64.ActiveCfg = Debug|Any CPU
		{91B2C061-FAAC-414C-9E64-E195E348CF2E}.Debug|x64.Build.0 = Debug|Any CPU
		{91B2C061-FAAC-414C-9E64-E195E348CF2E}.Debug|x86.ActiveCfg = Debug|Any CPU
		{91B2C061-FAAC-414C-9E64-E195E348CF2E}.Debug|x86.Build.0 = Debug|Any CPU
		{91B2C061-FAAC-414C-9E64-E195E348CF2E}.Release|Any CPU.ActiveCfg = Release|Any CPU
		{91B2C061-FAAC-414C-9E64-E195E348CF2E}.Release|Any CPU.Build.0 = Release|Any CPU
		{91B2C061-FAAC-414C-9E64-E195E348CF2E}.Release|ARM.ActiveCfg = Release|Any CPU
		{91B2C061-FAAC-414C-9E64-E195E348CF2E}.Release|ARM.Build.0 = Release|Any CPU
		{91B2C061-FAAC-414C-9E64-E195E348CF2E}.Release|iPhone.ActiveCfg = Release|Any CPU
		{91B2C061-FAAC-414C-9E64-E195E348CF2E}.Release|iPhone.Build.0 = Release|Any CPU
		{91B2C061-FAAC-414C-9E64-E195E348CF2E}.Release|iPhoneSimulator.ActiveCfg = Release|Any CPU
		{91B2C061-FAAC-414C-9E64-E195E348CF2E}.Release|iPhoneSimulator.Build.0 = Release|Any CPU
		{91B2C061-FAAC-414C-9E64-E195E348CF2E}.Release|x64.ActiveCfg = Release|Any CPU
		{91B2C061-FAAC-414C-9E64-E195E348CF2E}.Release|x64.Build.0 = Release|Any CPU
		{91B2C061-FAAC-414C-9E64-E195E348CF2E}.Release|x86.ActiveCfg = Release|Any CPU
		{91B2C061-FAAC-414C-9E64-E195E348CF2E}.Release|x86.Build.0 = Release|Any CPU
		{E789AC5A-4E17-40F2-ACA4-EAD94D61BA4D}.Ad-Hoc|Any CPU.ActiveCfg = Ad-Hoc|iPhone
		{E789AC5A-4E17-40F2-ACA4-EAD94D61BA4D}.Ad-Hoc|ARM.ActiveCfg = Ad-Hoc|iPhone
		{E789AC5A-4E17-40F2-ACA4-EAD94D61BA4D}.Ad-Hoc|iPhone.ActiveCfg = Ad-Hoc|iPhone
		{E789AC5A-4E17-40F2-ACA4-EAD94D61BA4D}.Ad-Hoc|iPhone.Build.0 = Ad-Hoc|iPhone
		{E789AC5A-4E17-40F2-ACA4-EAD94D61BA4D}.Ad-Hoc|iPhoneSimulator.ActiveCfg = Ad-Hoc|iPhoneSimulator
		{E789AC5A-4E17-40F2-ACA4-EAD94D61BA4D}.Ad-Hoc|iPhoneSimulator.Build.0 = Ad-Hoc|iPhoneSimulator
		{E789AC5A-4E17-40F2-ACA4-EAD94D61BA4D}.Ad-Hoc|x64.ActiveCfg = Ad-Hoc|iPhone
		{E789AC5A-4E17-40F2-ACA4-EAD94D61BA4D}.Ad-Hoc|x86.ActiveCfg = Ad-Hoc|iPhone
		{E789AC5A-4E17-40F2-ACA4-EAD94D61BA4D}.AppStore|Any CPU.ActiveCfg = AppStore|iPhone
		{E789AC5A-4E17-40F2-ACA4-EAD94D61BA4D}.AppStore|ARM.ActiveCfg = AppStore|iPhone
		{E789AC5A-4E17-40F2-ACA4-EAD94D61BA4D}.AppStore|iPhone.ActiveCfg = AppStore|iPhone
		{E789AC5A-4E17-40F2-ACA4-EAD94D61BA4D}.AppStore|iPhone.Build.0 = AppStore|iPhone
		{E789AC5A-4E17-40F2-ACA4-EAD94D61BA4D}.AppStore|iPhoneSimulator.ActiveCfg = AppStore|iPhoneSimulator
		{E789AC5A-4E17-40F2-ACA4-EAD94D61BA4D}.AppStore|iPhoneSimulator.Build.0 = AppStore|iPhoneSimulator
		{E789AC5A-4E17-40F2-ACA4-EAD94D61BA4D}.AppStore|x64.ActiveCfg = AppStore|iPhone
		{E789AC5A-4E17-40F2-ACA4-EAD94D61BA4D}.AppStore|x86.ActiveCfg = AppStore|iPhone
		{E789AC5A-4E17-40F2-ACA4-EAD94D61BA4D}.Debug|Any CPU.ActiveCfg = Debug|iPhone
		{E789AC5A-4E17-40F2-ACA4-EAD94D61BA4D}.Debug|Any CPU.Deploy.0 = Debug|iPhone
		{E789AC5A-4E17-40F2-ACA4-EAD94D61BA4D}.Debug|ARM.ActiveCfg = Debug|iPhone
		{E789AC5A-4E17-40F2-ACA4-EAD94D61BA4D}.Debug|iPhone.ActiveCfg = Debug|iPhone
		{E789AC5A-4E17-40F2-ACA4-EAD94D61BA4D}.Debug|iPhone.Build.0 = Debug|iPhone
		{E789AC5A-4E17-40F2-ACA4-EAD94D61BA4D}.Debug|iPhoneSimulator.ActiveCfg = Debug|iPhoneSimulator
		{E789AC5A-4E17-40F2-ACA4-EAD94D61BA4D}.Debug|iPhoneSimulator.Build.0 = Debug|iPhoneSimulator
		{E789AC5A-4E17-40F2-ACA4-EAD94D61BA4D}.Debug|x64.ActiveCfg = Debug|iPhone
		{E789AC5A-4E17-40F2-ACA4-EAD94D61BA4D}.Debug|x86.ActiveCfg = Debug|iPhone
		{E789AC5A-4E17-40F2-ACA4-EAD94D61BA4D}.Release|Any CPU.ActiveCfg = Release|iPhone
		{E789AC5A-4E17-40F2-ACA4-EAD94D61BA4D}.Release|ARM.ActiveCfg = Release|iPhone
		{E789AC5A-4E17-40F2-ACA4-EAD94D61BA4D}.Release|iPhone.ActiveCfg = Release|iPhone
		{E789AC5A-4E17-40F2-ACA4-EAD94D61BA4D}.Release|iPhone.Build.0 = Release|iPhone
		{E789AC5A-4E17-40F2-ACA4-EAD94D61BA4D}.Release|iPhoneSimulator.ActiveCfg = Release|iPhoneSimulator
		{E789AC5A-4E17-40F2-ACA4-EAD94D61BA4D}.Release|iPhoneSimulator.Build.0 = Release|iPhoneSimulator
		{E789AC5A-4E17-40F2-ACA4-EAD94D61BA4D}.Release|x64.ActiveCfg = Release|iPhone
		{E789AC5A-4E17-40F2-ACA4-EAD94D61BA4D}.Release|x86.ActiveCfg = Release|iPhone
		{85D87E11-4F9A-4010-B428-932CA314151C}.Ad-Hoc|Any CPU.ActiveCfg = Release|x86
		{85D87E11-4F9A-4010-B428-932CA314151C}.Ad-Hoc|Any CPU.Build.0 = Release|x86
		{85D87E11-4F9A-4010-B428-932CA314151C}.Ad-Hoc|Any CPU.Deploy.0 = Release|x86
		{85D87E11-4F9A-4010-B428-932CA314151C}.Ad-Hoc|ARM.ActiveCfg = Release|ARM
		{85D87E11-4F9A-4010-B428-932CA314151C}.Ad-Hoc|ARM.Build.0 = Release|ARM
		{85D87E11-4F9A-4010-B428-932CA314151C}.Ad-Hoc|ARM.Deploy.0 = Release|ARM
		{85D87E11-4F9A-4010-B428-932CA314151C}.Ad-Hoc|iPhone.ActiveCfg = Release|x86
		{85D87E11-4F9A-4010-B428-932CA314151C}.Ad-Hoc|iPhone.Build.0 = Release|x86
		{85D87E11-4F9A-4010-B428-932CA314151C}.Ad-Hoc|iPhone.Deploy.0 = Release|x86
		{85D87E11-4F9A-4010-B428-932CA314151C}.Ad-Hoc|iPhoneSimulator.ActiveCfg = Release|x86
		{85D87E11-4F9A-4010-B428-932CA314151C}.Ad-Hoc|iPhoneSimulator.Build.0 = Release|x86
		{85D87E11-4F9A-4010-B428-932CA314151C}.Ad-Hoc|iPhoneSimulator.Deploy.0 = Release|x86
		{85D87E11-4F9A-4010-B428-932CA314151C}.Ad-Hoc|x64.ActiveCfg = Release|x64
		{85D87E11-4F9A-4010-B428-932CA314151C}.Ad-Hoc|x64.Build.0 = Release|x64
		{85D87E11-4F9A-4010-B428-932CA314151C}.Ad-Hoc|x64.Deploy.0 = Release|x64
		{85D87E11-4F9A-4010-B428-932CA314151C}.Ad-Hoc|x86.ActiveCfg = Release|x86
		{85D87E11-4F9A-4010-B428-932CA314151C}.Ad-Hoc|x86.Build.0 = Release|x86
		{85D87E11-4F9A-4010-B428-932CA314151C}.Ad-Hoc|x86.Deploy.0 = Release|x86
		{85D87E11-4F9A-4010-B428-932CA314151C}.AppStore|Any CPU.ActiveCfg = Release|x86
		{85D87E11-4F9A-4010-B428-932CA314151C}.AppStore|Any CPU.Build.0 = Release|x86
		{85D87E11-4F9A-4010-B428-932CA314151C}.AppStore|Any CPU.Deploy.0 = Release|x86
		{85D87E11-4F9A-4010-B428-932CA314151C}.AppStore|ARM.ActiveCfg = Release|ARM
		{85D87E11-4F9A-4010-B428-932CA314151C}.AppStore|ARM.Build.0 = Release|ARM
		{85D87E11-4F9A-4010-B428-932CA314151C}.AppStore|ARM.Deploy.0 = Release|ARM
		{85D87E11-4F9A-4010-B428-932CA314151C}.AppStore|iPhone.ActiveCfg = Release|x86
		{85D87E11-4F9A-4010-B428-932CA314151C}.AppStore|iPhone.Build.0 = Release|x86
		{85D87E11-4F9A-4010-B428-932CA314151C}.AppStore|iPhone.Deploy.0 = Release|x86
		{85D87E11-4F9A-4010-B428-932CA314151C}.AppStore|iPhoneSimulator.ActiveCfg = Release|x86
		{85D87E11-4F9A-4010-B428-932CA314151C}.AppStore|iPhoneSimulator.Build.0 = Release|x86
		{85D87E11-4F9A-4010-B428-932CA314151C}.AppStore|iPhoneSimulator.Deploy.0 = Release|x86
		{85D87E11-4F9A-4010-B428-932CA314151C}.AppStore|x64.ActiveCfg = Release|x64
		{85D87E11-4F9A-4010-B428-932CA314151C}.AppStore|x64.Build.0 = Release|x64
		{85D87E11-4F9A-4010-B428-932CA314151C}.AppStore|x64.Deploy.0 = Release|x64
		{85D87E11-4F9A-4010-B428-932CA314151C}.AppStore|x86.ActiveCfg = Release|x86
		{85D87E11-4F9A-4010-B428-932CA314151C}.AppStore|x86.Build.0 = Release|x86
		{85D87E11-4F9A-4010-B428-932CA314151C}.AppStore|x86.Deploy.0 = Release|x86
		{85D87E11-4F9A-4010-B428-932CA314151C}.Debug|Any CPU.ActiveCfg = Debug|x86
		{85D87E11-4F9A-4010-B428-932CA314151C}.Debug|Any CPU.Build.0 = Debug|x86
		{85D87E11-4F9A-4010-B428-932CA314151C}.Debug|Any CPU.Deploy.0 = Debug|x86
		{85D87E11-4F9A-4010-B428-932CA314151C}.Debug|ARM.ActiveCfg = Debug|ARM
		{85D87E11-4F9A-4010-B428-932CA314151C}.Debug|ARM.Build.0 = Debug|ARM
		{85D87E11-4F9A-4010-B428-932CA314151C}.Debug|ARM.Deploy.0 = Debug|ARM
		{85D87E11-4F9A-4010-B428-932CA314151C}.Debug|iPhone.ActiveCfg = Debug|x86
		{85D87E11-4F9A-4010-B428-932CA314151C}.Debug|iPhoneSimulator.ActiveCfg = Debug|x86
		{85D87E11-4F9A-4010-B428-932CA314151C}.Debug|iPhoneSimulator.Build.0 = Debug|x86
		{85D87E11-4F9A-4010-B428-932CA314151C}.Debug|iPhoneSimulator.Deploy.0 = Debug|x86
		{85D87E11-4F9A-4010-B428-932CA314151C}.Debug|x64.ActiveCfg = Debug|x64
		{85D87E11-4F9A-4010-B428-932CA314151C}.Debug|x64.Build.0 = Debug|x64
		{85D87E11-4F9A-4010-B428-932CA314151C}.Debug|x64.Deploy.0 = Debug|x64
		{85D87E11-4F9A-4010-B428-932CA314151C}.Debug|x86.ActiveCfg = Debug|x86
		{85D87E11-4F9A-4010-B428-932CA314151C}.Debug|x86.Build.0 = Debug|x86
		{85D87E11-4F9A-4010-B428-932CA314151C}.Debug|x86.Deploy.0 = Debug|x86
		{85D87E11-4F9A-4010-B428-932CA314151C}.Release|Any CPU.ActiveCfg = Release|x86
		{85D87E11-4F9A-4010-B428-932CA314151C}.Release|Any CPU.Build.0 = Release|x86
		{85D87E11-4F9A-4010-B428-932CA314151C}.Release|Any CPU.Deploy.0 = Release|x86
		{85D87E11-4F9A-4010-B428-932CA314151C}.Release|ARM.ActiveCfg = Release|ARM
		{85D87E11-4F9A-4010-B428-932CA314151C}.Release|ARM.Build.0 = Release|ARM
		{85D87E11-4F9A-4010-B428-932CA314151C}.Release|ARM.Deploy.0 = Release|ARM
		{85D87E11-4F9A-4010-B428-932CA314151C}.Release|iPhone.ActiveCfg = Release|x86
		{85D87E11-4F9A-4010-B428-932CA314151C}.Release|iPhoneSimulator.ActiveCfg = Release|x86
		{85D87E11-4F9A-4010-B428-932CA314151C}.Release|x64.ActiveCfg = Release|x64
		{85D87E11-4F9A-4010-B428-932CA314151C}.Release|x64.Build.0 = Release|x64
		{85D87E11-4F9A-4010-B428-932CA314151C}.Release|x64.Deploy.0 = Release|x64
		{85D87E11-4F9A-4010-B428-932CA314151C}.Release|x86.ActiveCfg = Release|x86
		{85D87E11-4F9A-4010-B428-932CA314151C}.Release|x86.Build.0 = Release|x86
		{85D87E11-4F9A-4010-B428-932CA314151C}.Release|x86.Deploy.0 = Release|x86
		{B2AF970D-D640-451C-95AF-92AF531B8C1E}.Ad-Hoc|Any CPU.ActiveCfg = Release|Any CPU
		{B2AF970D-D640-451C-95AF-92AF531B8C1E}.Ad-Hoc|Any CPU.Build.0 = Release|Any CPU
		{B2AF970D-D640-451C-95AF-92AF531B8C1E}.Ad-Hoc|ARM.ActiveCfg = Release|Any CPU
		{B2AF970D-D640-451C-95AF-92AF531B8C1E}.Ad-Hoc|ARM.Build.0 = Release|Any CPU
		{B2AF970D-D640-451C-95AF-92AF531B8C1E}.Ad-Hoc|iPhone.ActiveCfg = Release|Any CPU
		{B2AF970D-D640-451C-95AF-92AF531B8C1E}.Ad-Hoc|iPhone.Build.0 = Release|Any CPU
		{B2AF970D-D640-451C-95AF-92AF531B8C1E}.Ad-Hoc|iPhoneSimulator.ActiveCfg = Release|Any CPU
		{B2AF970D-D640-451C-95AF-92AF531B8C1E}.Ad-Hoc|iPhoneSimulator.Build.0 = Release|Any CPU
		{B2AF970D-D640-451C-95AF-92AF531B8C1E}.Ad-Hoc|x64.ActiveCfg = Release|Any CPU
		{B2AF970D-D640-451C-95AF-92AF531B8C1E}.Ad-Hoc|x64.Build.0 = Release|Any CPU
		{B2AF970D-D640-451C-95AF-92AF531B8C1E}.Ad-Hoc|x86.ActiveCfg = Release|Any CPU
		{B2AF970D-D640-451C-95AF-92AF531B8C1E}.Ad-Hoc|x86.Build.0 = Release|Any CPU
		{B2AF970D-D640-451C-95AF-92AF531B8C1E}.AppStore|Any CPU.ActiveCfg = Release|Any CPU
		{B2AF970D-D640-451C-95AF-92AF531B8C1E}.AppStore|Any CPU.Build.0 = Release|Any CPU
		{B2AF970D-D640-451C-95AF-92AF531B8C1E}.AppStore|ARM.ActiveCfg = Release|Any CPU
		{B2AF970D-D640-451C-95AF-92AF531B8C1E}.AppStore|ARM.Build.0 = Release|Any CPU
		{B2AF970D-D640-451C-95AF-92AF531B8C1E}.AppStore|iPhone.ActiveCfg = Release|Any CPU
		{B2AF970D-D640-451C-95AF-92AF531B8C1E}.AppStore|iPhone.Build.0 = Release|Any CPU
		{B2AF970D-D640-451C-95AF-92AF531B8C1E}.AppStore|iPhoneSimulator.ActiveCfg = Release|Any CPU
		{B2AF970D-D640-451C-95AF-92AF531B8C1E}.AppStore|iPhoneSimulator.Build.0 = Release|Any CPU
		{B2AF970D-D640-451C-95AF-92AF531B8C1E}.AppStore|x64.ActiveCfg = Release|Any CPU
		{B2AF970D-D640-451C-95AF-92AF531B8C1E}.AppStore|x64.Build.0 = Release|Any CPU
		{B2AF970D-D640-451C-95AF-92AF531B8C1E}.AppStore|x86.ActiveCfg = Release|Any CPU
		{B2AF970D-D640-451C-95AF-92AF531B8C1E}.AppStore|x86.Build.0 = Release|Any CPU
		{B2AF970D-D640-451C-95AF-92AF531B8C1E}.Debug|Any CPU.ActiveCfg = Debug|Any CPU
		{B2AF970D-D640-451C-95AF-92AF531B8C1E}.Debug|Any CPU.Build.0 = Debug|Any CPU
		{B2AF970D-D640-451C-95AF-92AF531B8C1E}.Debug|ARM.ActiveCfg = Debug|Any CPU
		{B2AF970D-D640-451C-95AF-92AF531B8C1E}.Debug|ARM.Build.0 = Debug|Any CPU
		{B2AF970D-D640-451C-95AF-92AF531B8C1E}.Debug|iPhone.ActiveCfg = Debug|Any CPU
		{B2AF970D-D640-451C-95AF-92AF531B8C1E}.Debug|iPhone.Build.0 = Debug|Any CPU
		{B2AF970D-D640-451C-95AF-92AF531B8C1E}.Debug|iPhoneSimulator.ActiveCfg = Debug|Any CPU
		{B2AF970D-D640-451C-95AF-92AF531B8C1E}.Debug|iPhoneSimulator.Build.0 = Debug|Any CPU
		{B2AF970D-D640-451C-95AF-92AF531B8C1E}.Debug|x64.ActiveCfg = Debug|Any CPU
		{B2AF970D-D640-451C-95AF-92AF531B8C1E}.Debug|x64.Build.0 = Debug|Any CPU
		{B2AF970D-D640-451C-95AF-92AF531B8C1E}.Debug|x86.ActiveCfg = Debug|Any CPU
		{B2AF970D-D640-451C-95AF-92AF531B8C1E}.Debug|x86.Build.0 = Debug|Any CPU
		{B2AF970D-D640-451C-95AF-92AF531B8C1E}.Release|Any CPU.ActiveCfg = Release|Any CPU
		{B2AF970D-D640-451C-95AF-92AF531B8C1E}.Release|Any CPU.Build.0 = Release|Any CPU
		{B2AF970D-D640-451C-95AF-92AF531B8C1E}.Release|ARM.ActiveCfg = Release|Any CPU
		{B2AF970D-D640-451C-95AF-92AF531B8C1E}.Release|ARM.Build.0 = Release|Any CPU
		{B2AF970D-D640-451C-95AF-92AF531B8C1E}.Release|iPhone.ActiveCfg = Release|Any CPU
		{B2AF970D-D640-451C-95AF-92AF531B8C1E}.Release|iPhone.Build.0 = Release|Any CPU
		{B2AF970D-D640-451C-95AF-92AF531B8C1E}.Release|iPhoneSimulator.ActiveCfg = Release|Any CPU
		{B2AF970D-D640-451C-95AF-92AF531B8C1E}.Release|iPhoneSimulator.Build.0 = Release|Any CPU
		{B2AF970D-D640-451C-95AF-92AF531B8C1E}.Release|x64.ActiveCfg = Release|Any CPU
		{B2AF970D-D640-451C-95AF-92AF531B8C1E}.Release|x64.Build.0 = Release|Any CPU
		{B2AF970D-D640-451C-95AF-92AF531B8C1E}.Release|x86.ActiveCfg = Release|Any CPU
		{B2AF970D-D640-451C-95AF-92AF531B8C1E}.Release|x86.Build.0 = Release|Any CPU
		{B12D20AA-0EDF-4903-B385-BB8090848532}.Ad-Hoc|Any CPU.ActiveCfg = Release|Any CPU
		{B12D20AA-0EDF-4903-B385-BB8090848532}.Ad-Hoc|Any CPU.Build.0 = Release|Any CPU
		{B12D20AA-0EDF-4903-B385-BB8090848532}.Ad-Hoc|ARM.ActiveCfg = Release|Any CPU
		{B12D20AA-0EDF-4903-B385-BB8090848532}.Ad-Hoc|ARM.Build.0 = Release|Any CPU
		{B12D20AA-0EDF-4903-B385-BB8090848532}.Ad-Hoc|iPhone.ActiveCfg = Release|Any CPU
		{B12D20AA-0EDF-4903-B385-BB8090848532}.Ad-Hoc|iPhone.Build.0 = Release|Any CPU
		{B12D20AA-0EDF-4903-B385-BB8090848532}.Ad-Hoc|iPhoneSimulator.ActiveCfg = Release|Any CPU
		{B12D20AA-0EDF-4903-B385-BB8090848532}.Ad-Hoc|iPhoneSimulator.Build.0 = Release|Any CPU
		{B12D20AA-0EDF-4903-B385-BB8090848532}.Ad-Hoc|x64.ActiveCfg = Release|Any CPU
		{B12D20AA-0EDF-4903-B385-BB8090848532}.Ad-Hoc|x64.Build.0 = Release|Any CPU
		{B12D20AA-0EDF-4903-B385-BB8090848532}.Ad-Hoc|x86.ActiveCfg = Release|Any CPU
		{B12D20AA-0EDF-4903-B385-BB8090848532}.Ad-Hoc|x86.Build.0 = Release|Any CPU
		{B12D20AA-0EDF-4903-B385-BB8090848532}.AppStore|Any CPU.ActiveCfg = Release|Any CPU
		{B12D20AA-0EDF-4903-B385-BB8090848532}.AppStore|Any CPU.Build.0 = Release|Any CPU
		{B12D20AA-0EDF-4903-B385-BB8090848532}.AppStore|ARM.ActiveCfg = Release|Any CPU
		{B12D20AA-0EDF-4903-B385-BB8090848532}.AppStore|ARM.Build.0 = Release|Any CPU
		{B12D20AA-0EDF-4903-B385-BB8090848532}.AppStore|iPhone.ActiveCfg = Release|Any CPU
		{B12D20AA-0EDF-4903-B385-BB8090848532}.AppStore|iPhone.Build.0 = Release|Any CPU
		{B12D20AA-0EDF-4903-B385-BB8090848532}.AppStore|iPhoneSimulator.ActiveCfg = Release|Any CPU
		{B12D20AA-0EDF-4903-B385-BB8090848532}.AppStore|iPhoneSimulator.Build.0 = Release|Any CPU
		{B12D20AA-0EDF-4903-B385-BB8090848532}.AppStore|x64.ActiveCfg = Release|Any CPU
		{B12D20AA-0EDF-4903-B385-BB8090848532}.AppStore|x64.Build.0 = Release|Any CPU
		{B12D20AA-0EDF-4903-B385-BB8090848532}.AppStore|x86.ActiveCfg = Release|Any CPU
		{B12D20AA-0EDF-4903-B385-BB8090848532}.AppStore|x86.Build.0 = Release|Any CPU
		{B12D20AA-0EDF-4903-B385-BB8090848532}.Debug|Any CPU.ActiveCfg = Debug|Any CPU
		{B12D20AA-0EDF-4903-B385-BB8090848532}.Debug|Any CPU.Build.0 = Debug|Any CPU
		{B12D20AA-0EDF-4903-B385-BB8090848532}.Debug|ARM.ActiveCfg = Debug|Any CPU
		{B12D20AA-0EDF-4903-B385-BB8090848532}.Debug|ARM.Build.0 = Debug|Any CPU
		{B12D20AA-0EDF-4903-B385-BB8090848532}.Debug|iPhone.ActiveCfg = Debug|Any CPU
		{B12D20AA-0EDF-4903-B385-BB8090848532}.Debug|iPhone.Build.0 = Debug|Any CPU
		{B12D20AA-0EDF-4903-B385-BB8090848532}.Debug|iPhoneSimulator.ActiveCfg = Debug|Any CPU
		{B12D20AA-0EDF-4903-B385-BB8090848532}.Debug|iPhoneSimulator.Build.0 = Debug|Any CPU
		{B12D20AA-0EDF-4903-B385-BB8090848532}.Debug|x64.ActiveCfg = Debug|Any CPU
		{B12D20AA-0EDF-4903-B385-BB8090848532}.Debug|x64.Build.0 = Debug|Any CPU
		{B12D20AA-0EDF-4903-B385-BB8090848532}.Debug|x86.ActiveCfg = Debug|Any CPU
		{B12D20AA-0EDF-4903-B385-BB8090848532}.Debug|x86.Build.0 = Debug|Any CPU
		{B12D20AA-0EDF-4903-B385-BB8090848532}.Release|Any CPU.ActiveCfg = Release|Any CPU
		{B12D20AA-0EDF-4903-B385-BB8090848532}.Release|Any CPU.Build.0 = Release|Any CPU
		{B12D20AA-0EDF-4903-B385-BB8090848532}.Release|ARM.ActiveCfg = Release|Any CPU
		{B12D20AA-0EDF-4903-B385-BB8090848532}.Release|ARM.Build.0 = Release|Any CPU
		{B12D20AA-0EDF-4903-B385-BB8090848532}.Release|iPhone.ActiveCfg = Release|Any CPU
		{B12D20AA-0EDF-4903-B385-BB8090848532}.Release|iPhone.Build.0 = Release|Any CPU
		{B12D20AA-0EDF-4903-B385-BB8090848532}.Release|iPhoneSimulator.ActiveCfg = Release|Any CPU
		{B12D20AA-0EDF-4903-B385-BB8090848532}.Release|iPhoneSimulator.Build.0 = Release|Any CPU
		{B12D20AA-0EDF-4903-B385-BB8090848532}.Release|x64.ActiveCfg = Release|Any CPU
		{B12D20AA-0EDF-4903-B385-BB8090848532}.Release|x64.Build.0 = Release|Any CPU
		{B12D20AA-0EDF-4903-B385-BB8090848532}.Release|x86.ActiveCfg = Release|Any CPU
		{B12D20AA-0EDF-4903-B385-BB8090848532}.Release|x86.Build.0 = Release|Any CPU
		{BA531734-7754-4EC9-B55F-6A131409D2D9}.Ad-Hoc|Any CPU.ActiveCfg = Release|Any CPU
		{BA531734-7754-4EC9-B55F-6A131409D2D9}.Ad-Hoc|Any CPU.Build.0 = Release|Any CPU
		{BA531734-7754-4EC9-B55F-6A131409D2D9}.Ad-Hoc|ARM.ActiveCfg = Release|ARM
		{BA531734-7754-4EC9-B55F-6A131409D2D9}.Ad-Hoc|ARM.Build.0 = Release|ARM
		{BA531734-7754-4EC9-B55F-6A131409D2D9}.Ad-Hoc|iPhone.ActiveCfg = Release|Any CPU
		{BA531734-7754-4EC9-B55F-6A131409D2D9}.Ad-Hoc|iPhone.Build.0 = Release|Any CPU
		{BA531734-7754-4EC9-B55F-6A131409D2D9}.Ad-Hoc|iPhoneSimulator.ActiveCfg = Release|Any CPU
		{BA531734-7754-4EC9-B55F-6A131409D2D9}.Ad-Hoc|iPhoneSimulator.Build.0 = Release|Any CPU
		{BA531734-7754-4EC9-B55F-6A131409D2D9}.Ad-Hoc|x64.ActiveCfg = Release|x64
		{BA531734-7754-4EC9-B55F-6A131409D2D9}.Ad-Hoc|x64.Build.0 = Release|x64
		{BA531734-7754-4EC9-B55F-6A131409D2D9}.Ad-Hoc|x86.ActiveCfg = Release|x86
		{BA531734-7754-4EC9-B55F-6A131409D2D9}.Ad-Hoc|x86.Build.0 = Release|x86
		{BA531734-7754-4EC9-B55F-6A131409D2D9}.AppStore|Any CPU.ActiveCfg = Release|Any CPU
		{BA531734-7754-4EC9-B55F-6A131409D2D9}.AppStore|Any CPU.Build.0 = Release|Any CPU
		{BA531734-7754-4EC9-B55F-6A131409D2D9}.AppStore|ARM.ActiveCfg = Release|ARM
		{BA531734-7754-4EC9-B55F-6A131409D2D9}.AppStore|ARM.Build.0 = Release|ARM
		{BA531734-7754-4EC9-B55F-6A131409D2D9}.AppStore|iPhone.ActiveCfg = Release|Any CPU
		{BA531734-7754-4EC9-B55F-6A131409D2D9}.AppStore|iPhone.Build.0 = Release|Any CPU
		{BA531734-7754-4EC9-B55F-6A131409D2D9}.AppStore|iPhoneSimulator.ActiveCfg = Release|Any CPU
		{BA531734-7754-4EC9-B55F-6A131409D2D9}.AppStore|iPhoneSimulator.Build.0 = Release|Any CPU
		{BA531734-7754-4EC9-B55F-6A131409D2D9}.AppStore|x64.ActiveCfg = Release|x64
		{BA531734-7754-4EC9-B55F-6A131409D2D9}.AppStore|x64.Build.0 = Release|x64
		{BA531734-7754-4EC9-B55F-6A131409D2D9}.AppStore|x86.ActiveCfg = Release|x86
		{BA531734-7754-4EC9-B55F-6A131409D2D9}.AppStore|x86.Build.0 = Release|x86
		{BA531734-7754-4EC9-B55F-6A131409D2D9}.Debug|Any CPU.ActiveCfg = Debug|Any CPU
		{BA531734-7754-4EC9-B55F-6A131409D2D9}.Debug|Any CPU.Build.0 = Debug|Any CPU
		{BA531734-7754-4EC9-B55F-6A131409D2D9}.Debug|ARM.ActiveCfg = Debug|ARM
		{BA531734-7754-4EC9-B55F-6A131409D2D9}.Debug|ARM.Build.0 = Debug|ARM
		{BA531734-7754-4EC9-B55F-6A131409D2D9}.Debug|iPhone.ActiveCfg = Debug|Any CPU
		{BA531734-7754-4EC9-B55F-6A131409D2D9}.Debug|iPhone.Build.0 = Debug|Any CPU
		{BA531734-7754-4EC9-B55F-6A131409D2D9}.Debug|iPhoneSimulator.ActiveCfg = Debug|Any CPU
		{BA531734-7754-4EC9-B55F-6A131409D2D9}.Debug|iPhoneSimulator.Build.0 = Debug|Any CPU
		{BA531734-7754-4EC9-B55F-6A131409D2D9}.Debug|x64.ActiveCfg = Debug|x64
		{BA531734-7754-4EC9-B55F-6A131409D2D9}.Debug|x64.Build.0 = Debug|x64
		{BA531734-7754-4EC9-B55F-6A131409D2D9}.Debug|x86.ActiveCfg = Debug|x86
		{BA531734-7754-4EC9-B55F-6A131409D2D9}.Debug|x86.Build.0 = Debug|x86
		{BA531734-7754-4EC9-B55F-6A131409D2D9}.Release|Any CPU.ActiveCfg = Release|Any CPU
		{BA531734-7754-4EC9-B55F-6A131409D2D9}.Release|Any CPU.Build.0 = Release|Any CPU
		{BA531734-7754-4EC9-B55F-6A131409D2D9}.Release|ARM.ActiveCfg = Release|ARM
		{BA531734-7754-4EC9-B55F-6A131409D2D9}.Release|ARM.Build.0 = Release|ARM
		{BA531734-7754-4EC9-B55F-6A131409D2D9}.Release|iPhone.ActiveCfg = Release|Any CPU
		{BA531734-7754-4EC9-B55F-6A131409D2D9}.Release|iPhone.Build.0 = Release|Any CPU
		{BA531734-7754-4EC9-B55F-6A131409D2D9}.Release|iPhoneSimulator.ActiveCfg = Release|Any CPU
		{BA531734-7754-4EC9-B55F-6A131409D2D9}.Release|iPhoneSimulator.Build.0 = Release|Any CPU
		{BA531734-7754-4EC9-B55F-6A131409D2D9}.Release|x64.ActiveCfg = Release|x64
		{BA531734-7754-4EC9-B55F-6A131409D2D9}.Release|x64.Build.0 = Release|x64
		{BA531734-7754-4EC9-B55F-6A131409D2D9}.Release|x86.ActiveCfg = Release|x86
		{BA531734-7754-4EC9-B55F-6A131409D2D9}.Release|x86.Build.0 = Release|x86
		{BEF71536-787B-431F-AC7F-A6469710D11F}.Ad-Hoc|Any CPU.ActiveCfg = Release|Any CPU
		{BEF71536-787B-431F-AC7F-A6469710D11F}.Ad-Hoc|Any CPU.Build.0 = Release|Any CPU
		{BEF71536-787B-431F-AC7F-A6469710D11F}.Ad-Hoc|ARM.ActiveCfg = Release|Any CPU
		{BEF71536-787B-431F-AC7F-A6469710D11F}.Ad-Hoc|ARM.Build.0 = Release|Any CPU
		{BEF71536-787B-431F-AC7F-A6469710D11F}.Ad-Hoc|iPhone.ActiveCfg = Release|Any CPU
		{BEF71536-787B-431F-AC7F-A6469710D11F}.Ad-Hoc|iPhone.Build.0 = Release|Any CPU
		{BEF71536-787B-431F-AC7F-A6469710D11F}.Ad-Hoc|iPhoneSimulator.ActiveCfg = Release|Any CPU
		{BEF71536-787B-431F-AC7F-A6469710D11F}.Ad-Hoc|iPhoneSimulator.Build.0 = Release|Any CPU
		{BEF71536-787B-431F-AC7F-A6469710D11F}.Ad-Hoc|x64.ActiveCfg = Release|Any CPU
		{BEF71536-787B-431F-AC7F-A6469710D11F}.Ad-Hoc|x64.Build.0 = Release|Any CPU
		{BEF71536-787B-431F-AC7F-A6469710D11F}.Ad-Hoc|x86.ActiveCfg = Release|Any CPU
		{BEF71536-787B-431F-AC7F-A6469710D11F}.Ad-Hoc|x86.Build.0 = Release|Any CPU
		{BEF71536-787B-431F-AC7F-A6469710D11F}.AppStore|Any CPU.ActiveCfg = Release|Any CPU
		{BEF71536-787B-431F-AC7F-A6469710D11F}.AppStore|Any CPU.Build.0 = Release|Any CPU
		{BEF71536-787B-431F-AC7F-A6469710D11F}.AppStore|ARM.ActiveCfg = Release|Any CPU
		{BEF71536-787B-431F-AC7F-A6469710D11F}.AppStore|ARM.Build.0 = Release|Any CPU
		{BEF71536-787B-431F-AC7F-A6469710D11F}.AppStore|iPhone.ActiveCfg = Release|Any CPU
		{BEF71536-787B-431F-AC7F-A6469710D11F}.AppStore|iPhone.Build.0 = Release|Any CPU
		{BEF71536-787B-431F-AC7F-A6469710D11F}.AppStore|iPhoneSimulator.ActiveCfg = Release|Any CPU
		{BEF71536-787B-431F-AC7F-A6469710D11F}.AppStore|iPhoneSimulator.Build.0 = Release|Any CPU
		{BEF71536-787B-431F-AC7F-A6469710D11F}.AppStore|x64.ActiveCfg = Release|Any CPU
		{BEF71536-787B-431F-AC7F-A6469710D11F}.AppStore|x64.Build.0 = Release|Any CPU
		{BEF71536-787B-431F-AC7F-A6469710D11F}.AppStore|x86.ActiveCfg = Release|Any CPU
		{BEF71536-787B-431F-AC7F-A6469710D11F}.AppStore|x86.Build.0 = Release|Any CPU
		{BEF71536-787B-431F-AC7F-A6469710D11F}.Debug|Any CPU.ActiveCfg = Debug|Any CPU
		{BEF71536-787B-431F-AC7F-A6469710D11F}.Debug|Any CPU.Build.0 = Debug|Any CPU
		{BEF71536-787B-431F-AC7F-A6469710D11F}.Debug|ARM.ActiveCfg = Debug|Any CPU
		{BEF71536-787B-431F-AC7F-A6469710D11F}.Debug|ARM.Build.0 = Debug|Any CPU
		{BEF71536-787B-431F-AC7F-A6469710D11F}.Debug|iPhone.ActiveCfg = Debug|Any CPU
		{BEF71536-787B-431F-AC7F-A6469710D11F}.Debug|iPhone.Build.0 = Debug|Any CPU
		{BEF71536-787B-431F-AC7F-A6469710D11F}.Debug|iPhoneSimulator.ActiveCfg = Debug|Any CPU
		{BEF71536-787B-431F-AC7F-A6469710D11F}.Debug|iPhoneSimulator.Build.0 = Debug|Any CPU
		{BEF71536-787B-431F-AC7F-A6469710D11F}.Debug|x64.ActiveCfg = Debug|Any CPU
		{BEF71536-787B-431F-AC7F-A6469710D11F}.Debug|x64.Build.0 = Debug|Any CPU
		{BEF71536-787B-431F-AC7F-A6469710D11F}.Debug|x86.ActiveCfg = Debug|Any CPU
		{BEF71536-787B-431F-AC7F-A6469710D11F}.Debug|x86.Build.0 = Debug|Any CPU
		{BEF71536-787B-431F-AC7F-A6469710D11F}.Release|Any CPU.ActiveCfg = Release|Any CPU
		{BEF71536-787B-431F-AC7F-A6469710D11F}.Release|Any CPU.Build.0 = Release|Any CPU
		{BEF71536-787B-431F-AC7F-A6469710D11F}.Release|ARM.ActiveCfg = Release|Any CPU
		{BEF71536-787B-431F-AC7F-A6469710D11F}.Release|ARM.Build.0 = Release|Any CPU
		{BEF71536-787B-431F-AC7F-A6469710D11F}.Release|iPhone.ActiveCfg = Release|Any CPU
		{BEF71536-787B-431F-AC7F-A6469710D11F}.Release|iPhone.Build.0 = Release|Any CPU
		{BEF71536-787B-431F-AC7F-A6469710D11F}.Release|iPhoneSimulator.ActiveCfg = Release|Any CPU
		{BEF71536-787B-431F-AC7F-A6469710D11F}.Release|iPhoneSimulator.Build.0 = Release|Any CPU
		{BEF71536-787B-431F-AC7F-A6469710D11F}.Release|x64.ActiveCfg = Release|Any CPU
		{BEF71536-787B-431F-AC7F-A6469710D11F}.Release|x64.Build.0 = Release|Any CPU
		{BEF71536-787B-431F-AC7F-A6469710D11F}.Release|x86.ActiveCfg = Release|Any CPU
		{BEF71536-787B-431F-AC7F-A6469710D11F}.Release|x86.Build.0 = Release|Any CPU
		{C0411DE7-3FE0-412B-A706-E6CCD2171CCD}.Ad-Hoc|Any CPU.ActiveCfg = Release|Any CPU
		{C0411DE7-3FE0-412B-A706-E6CCD2171CCD}.Ad-Hoc|Any CPU.Build.0 = Release|Any CPU
		{C0411DE7-3FE0-412B-A706-E6CCD2171CCD}.Ad-Hoc|ARM.ActiveCfg = Release|ARM
		{C0411DE7-3FE0-412B-A706-E6CCD2171CCD}.Ad-Hoc|ARM.Build.0 = Release|ARM
		{C0411DE7-3FE0-412B-A706-E6CCD2171CCD}.Ad-Hoc|iPhone.ActiveCfg = Release|Any CPU
		{C0411DE7-3FE0-412B-A706-E6CCD2171CCD}.Ad-Hoc|iPhone.Build.0 = Release|Any CPU
		{C0411DE7-3FE0-412B-A706-E6CCD2171CCD}.Ad-Hoc|iPhoneSimulator.ActiveCfg = Release|Any CPU
		{C0411DE7-3FE0-412B-A706-E6CCD2171CCD}.Ad-Hoc|iPhoneSimulator.Build.0 = Release|Any CPU
		{C0411DE7-3FE0-412B-A706-E6CCD2171CCD}.Ad-Hoc|x64.ActiveCfg = Release|x64
		{C0411DE7-3FE0-412B-A706-E6CCD2171CCD}.Ad-Hoc|x64.Build.0 = Release|x64
		{C0411DE7-3FE0-412B-A706-E6CCD2171CCD}.Ad-Hoc|x86.ActiveCfg = Release|x86
		{C0411DE7-3FE0-412B-A706-E6CCD2171CCD}.Ad-Hoc|x86.Build.0 = Release|x86
		{C0411DE7-3FE0-412B-A706-E6CCD2171CCD}.AppStore|Any CPU.ActiveCfg = Release|Any CPU
		{C0411DE7-3FE0-412B-A706-E6CCD2171CCD}.AppStore|Any CPU.Build.0 = Release|Any CPU
		{C0411DE7-3FE0-412B-A706-E6CCD2171CCD}.AppStore|ARM.ActiveCfg = Release|ARM
		{C0411DE7-3FE0-412B-A706-E6CCD2171CCD}.AppStore|ARM.Build.0 = Release|ARM
		{C0411DE7-3FE0-412B-A706-E6CCD2171CCD}.AppStore|iPhone.ActiveCfg = Release|Any CPU
		{C0411DE7-3FE0-412B-A706-E6CCD2171CCD}.AppStore|iPhone.Build.0 = Release|Any CPU
		{C0411DE7-3FE0-412B-A706-E6CCD2171CCD}.AppStore|iPhoneSimulator.ActiveCfg = Release|Any CPU
		{C0411DE7-3FE0-412B-A706-E6CCD2171CCD}.AppStore|iPhoneSimulator.Build.0 = Release|Any CPU
		{C0411DE7-3FE0-412B-A706-E6CCD2171CCD}.AppStore|x64.ActiveCfg = Release|x64
		{C0411DE7-3FE0-412B-A706-E6CCD2171CCD}.AppStore|x64.Build.0 = Release|x64
		{C0411DE7-3FE0-412B-A706-E6CCD2171CCD}.AppStore|x86.ActiveCfg = Release|x86
		{C0411DE7-3FE0-412B-A706-E6CCD2171CCD}.AppStore|x86.Build.0 = Release|x86
		{C0411DE7-3FE0-412B-A706-E6CCD2171CCD}.Debug|Any CPU.ActiveCfg = Debug|Any CPU
		{C0411DE7-3FE0-412B-A706-E6CCD2171CCD}.Debug|Any CPU.Build.0 = Debug|Any CPU
		{C0411DE7-3FE0-412B-A706-E6CCD2171CCD}.Debug|ARM.ActiveCfg = Debug|ARM
		{C0411DE7-3FE0-412B-A706-E6CCD2171CCD}.Debug|ARM.Build.0 = Debug|ARM
		{C0411DE7-3FE0-412B-A706-E6CCD2171CCD}.Debug|iPhone.ActiveCfg = Debug|Any CPU
		{C0411DE7-3FE0-412B-A706-E6CCD2171CCD}.Debug|iPhone.Build.0 = Debug|Any CPU
		{C0411DE7-3FE0-412B-A706-E6CCD2171CCD}.Debug|iPhoneSimulator.ActiveCfg = Debug|Any CPU
		{C0411DE7-3FE0-412B-A706-E6CCD2171CCD}.Debug|iPhoneSimulator.Build.0 = Debug|Any CPU
		{C0411DE7-3FE0-412B-A706-E6CCD2171CCD}.Debug|x64.ActiveCfg = Debug|x64
		{C0411DE7-3FE0-412B-A706-E6CCD2171CCD}.Debug|x64.Build.0 = Debug|x64
		{C0411DE7-3FE0-412B-A706-E6CCD2171CCD}.Debug|x86.ActiveCfg = Debug|x86
		{C0411DE7-3FE0-412B-A706-E6CCD2171CCD}.Debug|x86.Build.0 = Debug|x86
		{C0411DE7-3FE0-412B-A706-E6CCD2171CCD}.Release|Any CPU.ActiveCfg = Release|Any CPU
		{C0411DE7-3FE0-412B-A706-E6CCD2171CCD}.Release|Any CPU.Build.0 = Release|Any CPU
		{C0411DE7-3FE0-412B-A706-E6CCD2171CCD}.Release|ARM.ActiveCfg = Release|ARM
		{C0411DE7-3FE0-412B-A706-E6CCD2171CCD}.Release|ARM.Build.0 = Release|ARM
		{C0411DE7-3FE0-412B-A706-E6CCD2171CCD}.Release|iPhone.ActiveCfg = Release|Any CPU
		{C0411DE7-3FE0-412B-A706-E6CCD2171CCD}.Release|iPhone.Build.0 = Release|Any CPU
		{C0411DE7-3FE0-412B-A706-E6CCD2171CCD}.Release|iPhoneSimulator.ActiveCfg = Release|Any CPU
		{C0411DE7-3FE0-412B-A706-E6CCD2171CCD}.Release|iPhoneSimulator.Build.0 = Release|Any CPU
		{C0411DE7-3FE0-412B-A706-E6CCD2171CCD}.Release|x64.ActiveCfg = Release|x64
		{C0411DE7-3FE0-412B-A706-E6CCD2171CCD}.Release|x64.Build.0 = Release|x64
		{C0411DE7-3FE0-412B-A706-E6CCD2171CCD}.Release|x86.ActiveCfg = Release|x86
		{C0411DE7-3FE0-412B-A706-E6CCD2171CCD}.Release|x86.Build.0 = Release|x86
	EndGlobalSection
	GlobalSection(SolutionProperties) = preSolution
		HideSolutionNode = FALSE
	EndGlobalSection
	GlobalSection(NestedProjects) = preSolution
		{B2AF970D-D640-451C-95AF-92AF531B8C1E} = {74BBE908-BDE8-4454-BAF7-4AC835F65C2F}
		{B12D20AA-0EDF-4903-B385-BB8090848532} = {74BBE908-BDE8-4454-BAF7-4AC835F65C2F}
		{4C55BDD7-F049-4742-9E00-CDD480E53A54} = {74BBE908-BDE8-4454-BAF7-4AC835F65C2F}
		{BA531734-7754-4EC9-B55F-6A131409D2D9} = {74BBE908-BDE8-4454-BAF7-4AC835F65C2F}
		{BEF71536-787B-431F-AC7F-A6469710D11F} = {74BBE908-BDE8-4454-BAF7-4AC835F65C2F}
		{C0411DE7-3FE0-412B-A706-E6CCD2171CCD} = {74BBE908-BDE8-4454-BAF7-4AC835F65C2F}
	EndGlobalSection
EndGlobal
